
Microsoft Visual Studio Solution File, Format Version 12.00
# Visual Studio Version 17
VisualStudioVersion = 17.1.32210.238
MinimumVisualStudioVersion = 10.0.40219.1
Project("{FAE04EC0-301F-11D3-BF4B-00C04F79EFBC}") = "Exercise1_PABD", "Exercise1_PABD\Exercise1_PABD.csproj", "{FE529309-74CA-469A-9674-F410422E80E0}"
EndProject
Global
	GlobalSection(SolutionConfigurationPlatforms) = preSolution
		Debug|Any CPU = Debug|Any CPU
		Release|Any CPU = Release|Any CPU
	EndGlobalSection
	GlobalSection(ProjectConfigurationPlatforms) = postSolution
		{FE529309-74CA-469A-9674-F410422E80E0}.Debug|Any CPU.ActiveCfg = Debug|Any CPU
		{FE529309-74CA-469A-9674-F410422E80E0}.Debug|Any CPU.Build.0 = Debug|Any CPU
		{FE529309-74CA-469A-9674-F410422E80E0}.Release|Any CPU.ActiveCfg = Release|Any CPU
		{FE529309-74CA-469A-9674-F410422E80E0}.Release|Any CPU.Build.0 = Release|Any CPU
	EndGlobalSection
	GlobalSection(SolutionProperties) = preSolution
		HideSolutionNode = FALSE
	EndGlobalSection
	GlobalSection(ExtensibilityGlobals) = postSolution
		SolutionGuid = {4459D207-62A3-463D-BA96-F7C40E4F4443}
	EndGlobalSection
EndGlobal
